// !$*UTF8*$!
{
	archiveVersion = 1;
	classes = {
	};
	objectVersion = 77;
	objects = {

/* Begin PBXBuildFile section */
		0281BF826D48D00F188D6CD6 /* RunAtLogin.swift in Sources */ = {isa = PBXBuildFile; fileRef = C6E6AFEF696A8E60125AA8FA /* RunAtLogin.swift */; };
		1116F480B54004F16F49C426 /* PersistenceModels.swift in Sources */ = {isa = PBXBuildFile; fileRef = A2C48E6D22ADF6EDF52D7865 /* PersistenceModels.swift */; };
		12E08DCAE05831382988100A /* CapExSubmissionTests.swift in Sources */ = {isa = PBXBuildFile; fileRef = 139F40105ADE7AD5530EF96D /* CapExSubmissionTests.swift */; };
		1ABEF06702808505AC8EB7D8 /* AppState.swift in Sources */ = {isa = PBXBuildFile; fileRef = E26DC959A8B45F782AE489C2 /* AppState.swift */; };
		1F81B6C8506569CCEE0DFF81 /* SyncCoordinator.swift in Sources */ = {isa = PBXBuildFile; fileRef = 841A7AF86D8E32E2B5AF333D /* SyncCoordinator.swift */; };
		256988107211FB89542B1918 /* SyncEngine.swift in Sources */ = {isa = PBXBuildFile; fileRef = C8CE77AD5CD68EFACC26F7F7 /* SyncEngine.swift */; };
		27C77B18EBC2942EA5C5F0A0 /* LogsView.swift in Sources */ = {isa = PBXBuildFile; fileRef = 0F1C236DCC7181D97EB3F220 /* LogsView.swift */; };
		2C4AEC0862AC2794EFA39241 /* CapExEngineTests.swift in Sources */ = {isa = PBXBuildFile; fileRef = CA8AB4A02BEAD86392781711 /* CapExEngineTests.swift */; };
		3F9C27153EEC3924396429D1 /* SettingsView.swift in Sources */ = {isa = PBXBuildFile; fileRef = 0E88BBF9C250DE065C5B5DE3 /* SettingsView.swift */; };
		448D42402E4C27705C2C38F2 /* OccurenceKeyTests.swift in Sources */ = {isa = PBXBuildFile; fileRef = FD0234983A0DC841C7355990 /* OccurenceKeyTests.swift */; };
		466242C8360DDFDE01467DCA /* CapExSubmissionService.swift in Sources */ = {isa = PBXBuildFile; fileRef = B01D6D0CA699181A105672DC /* CapExSubmissionService.swift */; };
		4F57AB9C90816AD0C9DEDD9A /* MenuContentView.swift in Sources */ = {isa = PBXBuildFile; fileRef = D302C887AAC4A77B34A2F31A /* MenuContentView.swift */; };
		50CB3E395AB922861D73DCD1 /* CapExSubmissionScheduler.swift in Sources */ = {isa = PBXBuildFile; fileRef = 3A0B509C18B88A9259D8D107 /* CapExSubmissionScheduler.swift */; };
		567B13F956D8503F1D6CD760 /* PlanDiffTests.swift in Sources */ = {isa = PBXBuildFile; fileRef = 99D5DDB15428ADFE87B9DE06 /* PlanDiffTests.swift */; };
		6C3EC51619765743760C1E83 /* CoordinatorHolder.swift in Sources */ = {isa = PBXBuildFile; fileRef = 0168FD59972C368BEF5E55EC /* CoordinatorHolder.swift */; };
		71137DAC8FB67F38C14F4584 /* DeletionSafetyTests.swift in Sources */ = {isa = PBXBuildFile; fileRef = ED23A8822B8C665823792346 /* DeletionSafetyTests.swift */; };
		74EF30BA535B5B239C3F6474 /* CapExEngine.swift in Sources */ = {isa = PBXBuildFile; fileRef = D8D0FBBCE3A443DFBDB80EA9 /* CapExEngine.swift */; };
		774714303F134EC1B27F7433 /* Models.swift in Sources */ = {isa = PBXBuildFile; fileRef = BC27211FE01755B3E1B5D6BB /* Models.swift */; };
		77E839D1C6864517BF901C0C /* EventKitAuth.swift in Sources */ = {isa = PBXBuildFile; fileRef = 4936D7A387407A93FC45AFC7 /* EventKitAuth.swift */; };
		815451C233454ECEC8214ABC /* SyncListView.swift in Sources */ = {isa = PBXBuildFile; fileRef = 6E4F8EEC0986DEBF30AE7404 /* SyncListView.swift */; };
		89A34A7E817092ADFDB7C035 /* CalendarSyncApp.swift in Sources */ = {isa = PBXBuildFile; fileRef = 47B6B27D6E375B51283A8E59 /* CalendarSyncApp.swift */; };
		8CEAB887682F9F9DB44B7B43 /* SchedulerHolder.swift in Sources */ = {isa = PBXBuildFile; fileRef = 040498EE3B975E6AFB86C8AF /* SchedulerHolder.swift */; };
		9134C173BA3E7B9AC459C987 /* Mappers.swift in Sources */ = {isa = PBXBuildFile; fileRef = A62F9497EC8448F3C4A1F520 /* Mappers.swift */; };
		97410C9CAD57EDF221D243B0 /* CapExSettingsView.swift in Sources */ = {isa = PBXBuildFile; fileRef = 4D6FDEDA0ED309F8F3ADCE73 /* CapExSettingsView.swift */; };
		A903E90415369665452F5C7D /* Persistence.swift in Sources */ = {isa = PBXBuildFile; fileRef = F917BCA2C39E0C141789CBBB /* Persistence.swift */; };
		B286020B29AAC0A538292278 /* TaskSyncService.swift in Sources */ = {isa = PBXBuildFile; fileRef = 49299AC6D7A42E9FE53CA058 /* TaskSyncService.swift */; };
		B2E4481E74067601429CBAFF /* Assets.xcassets in Resources */ = {isa = PBXBuildFile; fileRef = 2CAC8F5E01544027C71FDAD9 /* Assets.xcassets */; };
		BC74F0DA4BFC572F315817E0 /* EventKitCalendars.swift in Sources */ = {isa = PBXBuildFile; fileRef = BCFF5750D34DD3C796137508 /* EventKitCalendars.swift */; };
		C5539D4C8F0536D55D64AB91 /* SyncRules.swift in Sources */ = {isa = PBXBuildFile; fileRef = 597B1861EE9756AA0B5859FB /* SyncRules.swift */; };
		D2AEBF6C96381ABF210B5FF1 /* CapExReportView.swift in Sources */ = {isa = PBXBuildFile; fileRef = 924FD370DC23E9D00B0DFD94 /* CapExReportView.swift */; };
		DB9AA28161A1B03F3CF8536A /* SyncRulesTests.swift in Sources */ = {isa = PBXBuildFile; fileRef = 2DD618236514CE9C3098CC83 /* SyncRulesTests.swift */; };
		F0817FD23D67EA47E796E100 /* SyncScheduler.swift in Sources */ = {isa = PBXBuildFile; fileRef = DCD54C2FDF715AE74B159000 /* SyncScheduler.swift */; };
/* End PBXBuildFile section */

/* Begin PBXContainerItemProxy section */
		DBFA594A298BB9C741A748D3 /* PBXContainerItemProxy */ = {
			isa = PBXContainerItemProxy;
			containerPortal = 10005FF400F1B6F87E2D7691 /* Project object */;
			proxyType = 1;
			remoteGlobalIDString = 5000AE4A053B2688BA687654;
			remoteInfo = CalendarSync;
		};
/* End PBXContainerItemProxy section */

/* Begin PBXFileReference section */
		0168FD59972C368BEF5E55EC /* CoordinatorHolder.swift */ = {isa = PBXFileReference; lastKnownFileType = sourcecode.swift; path = CoordinatorHolder.swift; sourceTree = "<group>"; };
		03D91A669DDD4F3EBF7333E1 /* CalendarSyncTests.xctest */ = {isa = PBXFileReference; explicitFileType = wrapper.cfbundle; includeInIndex = 0; path = CalendarSyncTests.xctest; sourceTree = BUILT_PRODUCTS_DIR; };
		040498EE3B975E6AFB86C8AF /* SchedulerHolder.swift */ = {isa = PBXFileReference; lastKnownFileType = sourcecode.swift; path = SchedulerHolder.swift; sourceTree = "<group>"; };
		0E88BBF9C250DE065C5B5DE3 /* SettingsView.swift */ = {isa = PBXFileReference; lastKnownFileType = sourcecode.swift; path = SettingsView.swift; sourceTree = "<group>"; };
		0F1C236DCC7181D97EB3F220 /* LogsView.swift */ = {isa = PBXFileReference; lastKnownFileType = sourcecode.swift; path = LogsView.swift; sourceTree = "<group>"; };
		139F40105ADE7AD5530EF96D /* CapExSubmissionTests.swift */ = {isa = PBXFileReference; lastKnownFileType = sourcecode.swift; path = CapExSubmissionTests.swift; sourceTree = "<group>"; };
		2CAC8F5E01544027C71FDAD9 /* Assets.xcassets */ = {isa = PBXFileReference; lastKnownFileType = folder.assetcatalog; path = Assets.xcassets; sourceTree = "<group>"; };
		2DD618236514CE9C3098CC83 /* SyncRulesTests.swift */ = {isa = PBXFileReference; lastKnownFileType = sourcecode.swift; path = SyncRulesTests.swift; sourceTree = "<group>"; };
		3A0B509C18B88A9259D8D107 /* CapExSubmissionScheduler.swift */ = {isa = PBXFileReference; lastKnownFileType = sourcecode.swift; path = CapExSubmissionScheduler.swift; sourceTree = "<group>"; };
		47B6B27D6E375B51283A8E59 /* CalendarSyncApp.swift */ = {isa = PBXFileReference; lastKnownFileType = sourcecode.swift; path = CalendarSyncApp.swift; sourceTree = "<group>"; };
		49299AC6D7A42E9FE53CA058 /* TaskSyncService.swift */ = {isa = PBXFileReference; lastKnownFileType = sourcecode.swift; path = TaskSyncService.swift; sourceTree = "<group>"; };
		4936D7A387407A93FC45AFC7 /* EventKitAuth.swift */ = {isa = PBXFileReference; lastKnownFileType = sourcecode.swift; path = EventKitAuth.swift; sourceTree = "<group>"; };
		4D6FDEDA0ED309F8F3ADCE73 /* CapExSettingsView.swift */ = {isa = PBXFileReference; lastKnownFileType = sourcecode.swift; path = CapExSettingsView.swift; sourceTree = "<group>"; };
		597B1861EE9756AA0B5859FB /* SyncRules.swift */ = {isa = PBXFileReference; lastKnownFileType = sourcecode.swift; path = SyncRules.swift; sourceTree = "<group>"; };
		6E4F8EEC0986DEBF30AE7404 /* SyncListView.swift */ = {isa = PBXFileReference; lastKnownFileType = sourcecode.swift; path = SyncListView.swift; sourceTree = "<group>"; };
		841A7AF86D8E32E2B5AF333D /* SyncCoordinator.swift */ = {isa = PBXFileReference; lastKnownFileType = sourcecode.swift; path = SyncCoordinator.swift; sourceTree = "<group>"; };
		924FD370DC23E9D00B0DFD94 /* CapExReportView.swift */ = {isa = PBXFileReference; lastKnownFileType = sourcecode.swift; path = CapExReportView.swift; sourceTree = "<group>"; };
		99D5DDB15428ADFE87B9DE06 /* PlanDiffTests.swift */ = {isa = PBXFileReference; lastKnownFileType = sourcecode.swift; path = PlanDiffTests.swift; sourceTree = "<group>"; };
		A2C48E6D22ADF6EDF52D7865 /* PersistenceModels.swift */ = {isa = PBXFileReference; lastKnownFileType = sourcecode.swift; path = PersistenceModels.swift; sourceTree = "<group>"; };
		A62F9497EC8448F3C4A1F520 /* Mappers.swift */ = {isa = PBXFileReference; lastKnownFileType = sourcecode.swift; path = Mappers.swift; sourceTree = "<group>"; };
		B01D6D0CA699181A105672DC /* CapExSubmissionService.swift */ = {isa = PBXFileReference; lastKnownFileType = sourcecode.swift; path = CapExSubmissionService.swift; sourceTree = "<group>"; };
		BC27211FE01755B3E1B5D6BB /* Models.swift */ = {isa = PBXFileReference; lastKnownFileType = sourcecode.swift; path = Models.swift; sourceTree = "<group>"; };
		BCFF5750D34DD3C796137508 /* EventKitCalendars.swift */ = {isa = PBXFileReference; lastKnownFileType = sourcecode.swift; path = EventKitCalendars.swift; sourceTree = "<group>"; };
		C6E6AFEF696A8E60125AA8FA /* RunAtLogin.swift */ = {isa = PBXFileReference; lastKnownFileType = sourcecode.swift; path = RunAtLogin.swift; sourceTree = "<group>"; };
		C8CE77AD5CD68EFACC26F7F7 /* SyncEngine.swift */ = {isa = PBXFileReference; lastKnownFileType = sourcecode.swift; path = SyncEngine.swift; sourceTree = "<group>"; };
		CA8AB4A02BEAD86392781711 /* CapExEngineTests.swift */ = {isa = PBXFileReference; lastKnownFileType = sourcecode.swift; path = CapExEngineTests.swift; sourceTree = "<group>"; };
		D302C887AAC4A77B34A2F31A /* MenuContentView.swift */ = {isa = PBXFileReference; lastKnownFileType = sourcecode.swift; path = MenuContentView.swift; sourceTree = "<group>"; };
		D418012FBDE6D6537B48B07C /* CalendarSync.app */ = {isa = PBXFileReference; explicitFileType = wrapper.application; includeInIndex = 0; path = CalendarSync.app; sourceTree = BUILT_PRODUCTS_DIR; };
		D8D0FBBCE3A443DFBDB80EA9 /* CapExEngine.swift */ = {isa = PBXFileReference; lastKnownFileType = sourcecode.swift; path = CapExEngine.swift; sourceTree = "<group>"; };
		DCD54C2FDF715AE74B159000 /* SyncScheduler.swift */ = {isa = PBXFileReference; lastKnownFileType = sourcecode.swift; path = SyncScheduler.swift; sourceTree = "<group>"; };
		E26DC959A8B45F782AE489C2 /* AppState.swift */ = {isa = PBXFileReference; lastKnownFileType = sourcecode.swift; path = AppState.swift; sourceTree = "<group>"; };
		ED23A8822B8C665823792346 /* DeletionSafetyTests.swift */ = {isa = PBXFileReference; lastKnownFileType = sourcecode.swift; path = DeletionSafetyTests.swift; sourceTree = "<group>"; };
		F917BCA2C39E0C141789CBBB /* Persistence.swift */ = {isa = PBXFileReference; lastKnownFileType = sourcecode.swift; path = Persistence.swift; sourceTree = "<group>"; };
		FD0234983A0DC841C7355990 /* OccurenceKeyTests.swift */ = {isa = PBXFileReference; lastKnownFileType = sourcecode.swift; path = OccurenceKeyTests.swift; sourceTree = "<group>"; };
/* End PBXFileReference section */

/* Begin PBXGroup section */
		366E17159F1AB7E2E8DD1773 /* Tests */ = {
			isa = PBXGroup;
			children = (
				CA8AB4A02BEAD86392781711 /* CapExEngineTests.swift */,
				139F40105ADE7AD5530EF96D /* CapExSubmissionTests.swift */,
				ED23A8822B8C665823792346 /* DeletionSafetyTests.swift */,
				FD0234983A0DC841C7355990 /* OccurenceKeyTests.swift */,
				99D5DDB15428ADFE87B9DE06 /* PlanDiffTests.swift */,
				2DD618236514CE9C3098CC83 /* SyncRulesTests.swift */,
			);
			path = Tests;
			sourceTree = "<group>";
		};
		3B23ED55BF3CE794E92E718F /* Services */ = {
			isa = PBXGroup;
			children = (
				D8D0FBBCE3A443DFBDB80EA9 /* CapExEngine.swift */,
				3A0B509C18B88A9259D8D107 /* CapExSubmissionScheduler.swift */,
				B01D6D0CA699181A105672DC /* CapExSubmissionService.swift */,
				0168FD59972C368BEF5E55EC /* CoordinatorHolder.swift */,
				4936D7A387407A93FC45AFC7 /* EventKitAuth.swift */,
				BCFF5750D34DD3C796137508 /* EventKitCalendars.swift */,
				C6E6AFEF696A8E60125AA8FA /* RunAtLogin.swift */,
				040498EE3B975E6AFB86C8AF /* SchedulerHolder.swift */,
				841A7AF86D8E32E2B5AF333D /* SyncCoordinator.swift */,
				C8CE77AD5CD68EFACC26F7F7 /* SyncEngine.swift */,
				597B1861EE9756AA0B5859FB /* SyncRules.swift */,
				DCD54C2FDF715AE74B159000 /* SyncScheduler.swift */,
				49299AC6D7A42E9FE53CA058 /* TaskSyncService.swift */,
			);
			path = Services;
			sourceTree = "<group>";
		};
		452C8D5C26A4695F6C21AB39 = {
			isa = PBXGroup;
			children = (
				C34F9EF6F6253AA2BD6D5CB4 /* Resources */,
				A4508505B6A71FD99E7639DD /* Sources */,
				366E17159F1AB7E2E8DD1773 /* Tests */,
				5AFA9CC88CCA93D9D4DFF451 /* Products */,
			);
			sourceTree = "<group>";
		};
		5AFA9CC88CCA93D9D4DFF451 /* Products */ = {
			isa = PBXGroup;
			children = (
				D418012FBDE6D6537B48B07C /* CalendarSync.app */,
				03D91A669DDD4F3EBF7333E1 /* CalendarSyncTests.xctest */,
			);
			name = Products;
			sourceTree = "<group>";
		};
		98062532E389D81453D0FF32 /* Views */ = {
			isa = PBXGroup;
			children = (
				924FD370DC23E9D00B0DFD94 /* CapExReportView.swift */,
				4D6FDEDA0ED309F8F3ADCE73 /* CapExSettingsView.swift */,
				0F1C236DCC7181D97EB3F220 /* LogsView.swift */,
				D302C887AAC4A77B34A2F31A /* MenuContentView.swift */,
				0E88BBF9C250DE065C5B5DE3 /* SettingsView.swift */,
				6E4F8EEC0986DEBF30AE7404 /* SyncListView.swift */,
			);
			path = Views;
			sourceTree = "<group>";
		};
		A4508505B6A71FD99E7639DD /* Sources */ = {
			isa = PBXGroup;
			children = (
				E26DC959A8B45F782AE489C2 /* AppState.swift */,
				47B6B27D6E375B51283A8E59 /* CalendarSyncApp.swift */,
				BC27211FE01755B3E1B5D6BB /* Models.swift */,
				FD28B4DE2B2A9F66705F7571 /* Persistence */,
				3B23ED55BF3CE794E92E718F /* Services */,
				98062532E389D81453D0FF32 /* Views */,
			);
			path = Sources;
			sourceTree = "<group>";
		};
		C34F9EF6F6253AA2BD6D5CB4 /* Resources */ = {
			isa = PBXGroup;
			children = (
				2CAC8F5E01544027C71FDAD9 /* Assets.xcassets */,
			);
			path = Resources;
			sourceTree = "<group>";
		};
		FD28B4DE2B2A9F66705F7571 /* Persistence */ = {
			isa = PBXGroup;
			children = (
				A62F9497EC8448F3C4A1F520 /* Mappers.swift */,
				F917BCA2C39E0C141789CBBB /* Persistence.swift */,
				A2C48E6D22ADF6EDF52D7865 /* PersistenceModels.swift */,
			);
			path = Persistence;
			sourceTree = "<group>";
		};
/* End PBXGroup section */

/* Begin PBXNativeTarget section */
		178ACEA08CF17E2616EFE8A1 /* CalendarSyncTests */ = {
			isa = PBXNativeTarget;
			buildConfigurationList = BC346AC2740A2356B5D1B98A /* Build configuration list for PBXNativeTarget "CalendarSyncTests" */;
			buildPhases = (
				6521EABAEAF03209313C891D /* Sources */,
			);
			buildRules = (
			);
			dependencies = (
				3A291FC6F59DB15BAF47BC41 /* PBXTargetDependency */,
			);
			name = CalendarSyncTests;
			packageProductDependencies = (
			);
			productName = CalendarSyncTests;
			productReference = 03D91A669DDD4F3EBF7333E1 /* CalendarSyncTests.xctest */;
			productType = "com.apple.product-type.bundle.unit-test";
		};
		5000AE4A053B2688BA687654 /* CalendarSync */ = {
			isa = PBXNativeTarget;
			buildConfigurationList = A9CC1CC87E427C56755E1F3C /* Build configuration list for PBXNativeTarget "CalendarSync" */;
			buildPhases = (
				6D9311D9DBD496D4AB0A6878 /* Sources */,
				C8CB77867D470D52FE04C46C /* Resources */,
			);
			buildRules = (
			);
			dependencies = (
			);
			name = CalendarSync;
			packageProductDependencies = (
			);
			productName = CalendarSync;
			productReference = D418012FBDE6D6537B48B07C /* CalendarSync.app */;
			productType = "com.apple.product-type.application";
		};
/* End PBXNativeTarget section */

/* Begin PBXProject section */
		10005FF400F1B6F87E2D7691 /* Project object */ = {
			isa = PBXProject;
			attributes = {
				BuildIndependentTargetsInParallel = YES;
				LastUpgradeCheck = 1430;
			};
			buildConfigurationList = 9393C723F969094BD7A0EAED /* Build configuration list for PBXProject "CalendarSync" */;
			compatibilityVersion = "Xcode 14.0";
			developmentRegion = en;
			hasScannedForEncodings = 0;
			knownRegions = (
				Base,
				en,
			);
			mainGroup = 452C8D5C26A4695F6C21AB39;
			minimizedProjectReferenceProxies = 1;
			preferredProjectObjectVersion = 77;
			projectDirPath = "";
			projectRoot = "";
			targets = (
				5000AE4A053B2688BA687654 /* CalendarSync */,
				178ACEA08CF17E2616EFE8A1 /* CalendarSyncTests */,
			);
		};
/* End PBXProject section */

/* Begin PBXResourcesBuildPhase section */
		C8CB77867D470D52FE04C46C /* Resources */ = {
			isa = PBXResourcesBuildPhase;
			buildActionMask = 2147483647;
			files = (
				B2E4481E74067601429CBAFF /* Assets.xcassets in Resources */,
			);
			runOnlyForDeploymentPostprocessing = 0;
		};
/* End PBXResourcesBuildPhase section */

/* Begin PBXSourcesBuildPhase section */
		6521EABAEAF03209313C891D /* Sources */ = {
			isa = PBXSourcesBuildPhase;
			buildActionMask = 2147483647;
			files = (
				2C4AEC0862AC2794EFA39241 /* CapExEngineTests.swift in Sources */,
				12E08DCAE05831382988100A /* CapExSubmissionTests.swift in Sources */,
				71137DAC8FB67F38C14F4584 /* DeletionSafetyTests.swift in Sources */,
				448D42402E4C27705C2C38F2 /* OccurenceKeyTests.swift in Sources */,
				567B13F956D8503F1D6CD760 /* PlanDiffTests.swift in Sources */,
				DB9AA28161A1B03F3CF8536A /* SyncRulesTests.swift in Sources */,
			);
			runOnlyForDeploymentPostprocessing = 0;
		};
		6D9311D9DBD496D4AB0A6878 /* Sources */ = {
			isa = PBXSourcesBuildPhase;
			buildActionMask = 2147483647;
			files = (
				1ABEF06702808505AC8EB7D8 /* AppState.swift in Sources */,
				89A34A7E817092ADFDB7C035 /* CalendarSyncApp.swift in Sources */,
				74EF30BA535B5B239C3F6474 /* CapExEngine.swift in Sources */,
				D2AEBF6C96381ABF210B5FF1 /* CapExReportView.swift in Sources */,
				97410C9CAD57EDF221D243B0 /* CapExSettingsView.swift in Sources */,
				50CB3E395AB922861D73DCD1 /* CapExSubmissionScheduler.swift in Sources */,
				466242C8360DDFDE01467DCA /* CapExSubmissionService.swift in Sources */,
				6C3EC51619765743760C1E83 /* CoordinatorHolder.swift in Sources */,
				77E839D1C6864517BF901C0C /* EventKitAuth.swift in Sources */,
				BC74F0DA4BFC572F315817E0 /* EventKitCalendars.swift in Sources */,
				27C77B18EBC2942EA5C5F0A0 /* LogsView.swift in Sources */,
				9134C173BA3E7B9AC459C987 /* Mappers.swift in Sources */,
				4F57AB9C90816AD0C9DEDD9A /* MenuContentView.swift in Sources */,
				774714303F134EC1B27F7433 /* Models.swift in Sources */,
				A903E90415369665452F5C7D /* Persistence.swift in Sources */,
				1116F480B54004F16F49C426 /* PersistenceModels.swift in Sources */,
				0281BF826D48D00F188D6CD6 /* RunAtLogin.swift in Sources */,
				8CEAB887682F9F9DB44B7B43 /* SchedulerHolder.swift in Sources */,
				3F9C27153EEC3924396429D1 /* SettingsView.swift in Sources */,
				1F81B6C8506569CCEE0DFF81 /* SyncCoordinator.swift in Sources */,
				256988107211FB89542B1918 /* SyncEngine.swift in Sources */,
				815451C233454ECEC8214ABC /* SyncListView.swift in Sources */,
				C5539D4C8F0536D55D64AB91 /* SyncRules.swift in Sources */,
				F0817FD23D67EA47E796E100 /* SyncScheduler.swift in Sources */,
				B286020B29AAC0A538292278 /* TaskSyncService.swift in Sources */,
			);
			runOnlyForDeploymentPostprocessing = 0;
		};
/* End PBXSourcesBuildPhase section */

/* Begin PBXTargetDependency section */
		3A291FC6F59DB15BAF47BC41 /* PBXTargetDependency */ = {
			isa = PBXTargetDependency;
			target = 5000AE4A053B2688BA687654 /* CalendarSync */;
			targetProxy = DBFA594A298BB9C741A748D3 /* PBXContainerItemProxy */;
		};
/* End PBXTargetDependency section */

/* Begin XCBuildConfiguration section */
		35B492753B6DC7CD589D616A /* Release */ = {
			isa = XCBuildConfiguration;
			buildSettings = {
				ALWAYS_SEARCH_USER_PATHS = NO;
				CLANG_ANALYZER_NONNULL = YES;
				CLANG_ANALYZER_NUMBER_OBJECT_CONVERSION = YES_AGGRESSIVE;
				CLANG_CXX_LANGUAGE_STANDARD = "gnu++14";
				CLANG_CXX_LIBRARY = "libc++";
				CLANG_ENABLE_MODULES = YES;
				CLANG_ENABLE_OBJC_ARC = YES;
				CLANG_ENABLE_OBJC_WEAK = YES;
				CLANG_WARN_BLOCK_CAPTURE_AUTORELEASING = YES;
				CLANG_WARN_BOOL_CONVERSION = YES;
				CLANG_WARN_COMMA = YES;
				CLANG_WARN_CONSTANT_CONVERSION = YES;
				CLANG_WARN_DEPRECATED_OBJC_IMPLEMENTATIONS = YES;
				CLANG_WARN_DIRECT_OBJC_ISA_USAGE = YES_ERROR;
				CLANG_WARN_DOCUMENTATION_COMMENTS = YES;
				CLANG_WARN_EMPTY_BODY = YES;
				CLANG_WARN_ENUM_CONVERSION = YES;
				CLANG_WARN_INFINITE_RECURSION = YES;
				CLANG_WARN_INT_CONVERSION = YES;
				CLANG_WARN_NON_LITERAL_NULL_CONVERSION = YES;
				CLANG_WARN_OBJC_IMPLICIT_RETAIN_SELF = YES;
				CLANG_WARN_OBJC_LITERAL_CONVERSION = YES;
				CLANG_WARN_OBJC_ROOT_CLASS = YES_ERROR;
				CLANG_WARN_QUOTED_INCLUDE_IN_FRAMEWORK_HEADER = YES;
				CLANG_WARN_RANGE_LOOP_ANALYSIS = YES;
				CLANG_WARN_STRICT_PROTOTYPES = YES;
				CLANG_WARN_SUSPICIOUS_MOVE = YES;
				CLANG_WARN_UNGUARDED_AVAILABILITY = YES_AGGRESSIVE;
				CLANG_WARN_UNREACHABLE_CODE = YES;
				CLANG_WARN__DUPLICATE_METHOD_MATCH = YES;
				COPY_PHASE_STRIP = NO;
				DEBUG_INFORMATION_FORMAT = "dwarf-with-dsym";
				ENABLE_NS_ASSERTIONS = NO;
				ENABLE_STRICT_OBJC_MSGSEND = YES;
				GCC_C_LANGUAGE_STANDARD = gnu11;
				GCC_NO_COMMON_BLOCKS = YES;
				GCC_WARN_64_TO_32_BIT_CONVERSION = YES;
				GCC_WARN_ABOUT_RETURN_TYPE = YES_ERROR;
				GCC_WARN_UNDECLARED_SELECTOR = YES;
				GCC_WARN_UNINITIALIZED_AUTOS = YES_AGGRESSIVE;
				GCC_WARN_UNUSED_FUNCTION = YES;
				GCC_WARN_UNUSED_VARIABLE = YES;
				MACOSX_DEPLOYMENT_TARGET = 14.0;
				MTL_ENABLE_DEBUG_INFO = NO;
				MTL_FAST_MATH = YES;
				PRODUCT_NAME = "$(TARGET_NAME)";
				SDKROOT = macosx;
				SWIFT_COMPILATION_MODE = wholemodule;
				SWIFT_OPTIMIZATION_LEVEL = "-O";
				SWIFT_VERSION = 5.9;
			};
			name = Release;
		};
		4E3A2278186125572C620489 /* Debug */ = {
			isa = XCBuildConfiguration;
			buildSettings = {
				ALWAYS_SEARCH_USER_PATHS = NO;
				CLANG_ANALYZER_NONNULL = YES;
				CLANG_ANALYZER_NUMBER_OBJECT_CONVERSION = YES_AGGRESSIVE;
				CLANG_CXX_LANGUAGE_STANDARD = "gnu++14";
				CLANG_CXX_LIBRARY = "libc++";
				CLANG_ENABLE_MODULES = YES;
				CLANG_ENABLE_OBJC_ARC = YES;
				CLANG_ENABLE_OBJC_WEAK = YES;
				CLANG_WARN_BLOCK_CAPTURE_AUTORELEASING = YES;
				CLANG_WARN_BOOL_CONVERSION = YES;
				CLANG_WARN_COMMA = YES;
				CLANG_WARN_CONSTANT_CONVERSION = YES;
				CLANG_WARN_DEPRECATED_OBJC_IMPLEMENTATIONS = YES;
				CLANG_WARN_DIRECT_OBJC_ISA_USAGE = YES_ERROR;
				CLANG_WARN_DOCUMENTATION_COMMENTS = YES;
				CLANG_WARN_EMPTY_BODY = YES;
				CLANG_WARN_ENUM_CONVERSION = YES;
				CLANG_WARN_INFINITE_RECURSION = YES;
				CLANG_WARN_INT_CONVERSION = YES;
				CLANG_WARN_NON_LITERAL_NULL_CONVERSION = YES;
				CLANG_WARN_OBJC_IMPLICIT_RETAIN_SELF = YES;
				CLANG_WARN_OBJC_LITERAL_CONVERSION = YES;
				CLANG_WARN_OBJC_ROOT_CLASS = YES_ERROR;
				CLANG_WARN_QUOTED_INCLUDE_IN_FRAMEWORK_HEADER = YES;
				CLANG_WARN_RANGE_LOOP_ANALYSIS = YES;
				CLANG_WARN_STRICT_PROTOTYPES = YES;
				CLANG_WARN_SUSPICIOUS_MOVE = YES;
				CLANG_WARN_UNGUARDED_AVAILABILITY = YES_AGGRESSIVE;
				CLANG_WARN_UNREACHABLE_CODE = YES;
				CLANG_WARN__DUPLICATE_METHOD_MATCH = YES;
				COPY_PHASE_STRIP = NO;
				DEBUG_INFORMATION_FORMAT = dwarf;
				ENABLE_STRICT_OBJC_MSGSEND = YES;
				ENABLE_TESTABILITY = YES;
				GCC_C_LANGUAGE_STANDARD = gnu11;
				GCC_DYNAMIC_NO_PIC = NO;
				GCC_NO_COMMON_BLOCKS = YES;
				GCC_OPTIMIZATION_LEVEL = 0;
				GCC_PREPROCESSOR_DEFINITIONS = (
					"$(inherited)",
					"DEBUG=1",
				);
				GCC_WARN_64_TO_32_BIT_CONVERSION = YES;
				GCC_WARN_ABOUT_RETURN_TYPE = YES_ERROR;
				GCC_WARN_UNDECLARED_SELECTOR = YES;
				GCC_WARN_UNINITIALIZED_AUTOS = YES_AGGRESSIVE;
				GCC_WARN_UNUSED_FUNCTION = YES;
				GCC_WARN_UNUSED_VARIABLE = YES;
				MACOSX_DEPLOYMENT_TARGET = 14.0;
				MTL_ENABLE_DEBUG_INFO = INCLUDE_SOURCE;
				MTL_FAST_MATH = YES;
				ONLY_ACTIVE_ARCH = YES;
				PRODUCT_NAME = "$(TARGET_NAME)";
				SDKROOT = macosx;
				SWIFT_ACTIVE_COMPILATION_CONDITIONS = DEBUG;
				SWIFT_OPTIMIZATION_LEVEL = "-Onone";
				SWIFT_VERSION = 5.9;
			};
			name = Debug;
		};
		5ADBE308E4B5024294B160B4 /* Release */ = {
			isa = XCBuildConfiguration;
			buildSettings = {
				ASSETCATALOG_COMPILER_APPICON_NAME = AppIcon;
				CODE_SIGN_ENTITLEMENTS = Config/CalendarSync.entitlements;
				COMBINE_HIDPI_IMAGES = YES;
				ENABLE_HARDENED_RUNTIME = YES;
				INFOPLIST_FILE = Config/Info.plist;
				LD_RUNPATH_SEARCH_PATHS = (
					"$(inherited)",
					"@executable_path/../Frameworks",
				);
				MACOSX_DEPLOYMENT_TARGET = 14.0;
				PRODUCT_BUNDLE_IDENTIFIER = com.example.CalendarSync;
				SDKROOT = macosx;
			};
			name = Release;
		};
		A03366FE19601CA9226092C6 /* Debug */ = {
			isa = XCBuildConfiguration;
			buildSettings = {
				BUNDLE_LOADER = "$(TEST_HOST)";
				COMBINE_HIDPI_IMAGES = YES;
				GENERATE_INFOPLIST_FILE = YES;
				LD_RUNPATH_SEARCH_PATHS = (
					"$(inherited)",
					"@executable_path/../Frameworks",
					"@loader_path/../Frameworks",
				);
				MACOSX_DEPLOYMENT_TARGET = 14.0;
				PRODUCT_BUNDLE_IDENTIFIER = com.example.CalendarSyncTests;
				SDKROOT = macosx;
				TEST_HOST = "$(BUILT_PRODUCTS_DIR)/CalendarSync.app/Contents/MacOS/CalendarSync";
			};
			name = Debug;
		};
		B2AE3C82518C55DDE4326553 /* Debug */ = {
			isa = XCBuildConfiguration;
			buildSettings = {
				ASSETCATALOG_COMPILER_APPICON_NAME = AppIcon;
				CODE_SIGN_ENTITLEMENTS = Config/CalendarSync.entitlements;
				COMBINE_HIDPI_IMAGES = YES;
				INFOPLIST_FILE = Config/Info.plist;
				LD_RUNPATH_SEARCH_PATHS = (
					"$(inherited)",
					"@executable_path/../Frameworks",
				);
				MACOSX_DEPLOYMENT_TARGET = 14.0;
				PRODUCT_BUNDLE_IDENTIFIER = com.example.CalendarSync;
				SDKROOT = macosx;
			};
			name = Debug;
		};
		B6951112BD7CDEB1DC16A2BB /* Release */ = {
			isa = XCBuildConfiguration;
			buildSettings = {
				BUNDLE_LOADER = "$(TEST_HOST)";
				COMBINE_HIDPI_IMAGES = YES;
				GENERATE_INFOPLIST_FILE = YES;
				LD_RUNPATH_SEARCH_PATHS = (
					"$(inherited)",
					"@executable_path/../Frameworks",
					"@loader_path/../Frameworks",
				);
				MACOSX_DEPLOYMENT_TARGET = 14.0;
				PRODUCT_BUNDLE_IDENTIFIER = com.example.CalendarSyncTests;
				SDKROOT = macosx;
				TEST_HOST = "$(BUILT_PRODUCTS_DIR)/CalendarSync.app/Contents/MacOS/CalendarSync";
			};
			name = Release;
		};
/* End XCBuildConfiguration section */

/* Begin XCConfigurationList section */
		9393C723F969094BD7A0EAED /* Build configuration list for PBXProject "CalendarSync" */ = {
			isa = XCConfigurationList;
			buildConfigurations = (
				4E3A2278186125572C620489 /* Debug */,
				35B492753B6DC7CD589D616A /* Release */,
			);
			defaultConfigurationIsVisible = 0;
			defaultConfigurationName = Debug;
		};
		A9CC1CC87E427C56755E1F3C /* Build configuration list for PBXNativeTarget "CalendarSync" */ = {
			isa = XCConfigurationList;
			buildConfigurations = (
				B2AE3C82518C55DDE4326553 /* Debug */,
				5ADBE308E4B5024294B160B4 /* Release */,
			);
			defaultConfigurationIsVisible = 0;
			defaultConfigurationName = Debug;
		};
		BC346AC2740A2356B5D1B98A /* Build configuration list for PBXNativeTarget "CalendarSyncTests" */ = {
			isa = XCConfigurationList;
			buildConfigurations = (
				A03366FE19601CA9226092C6 /* Debug */,
				B6951112BD7CDEB1DC16A2BB /* Release */,
			);
			defaultConfigurationIsVisible = 0;
			defaultConfigurationName = Debug;
		};
/* End XCConfigurationList section */
	};
	rootObject = 10005FF400F1B6F87E2D7691 /* Project object */;
}
